
Microsoft Visual Studio Solution File, Format Version 12.00
# Visual Studio 15
VisualStudioVersion = 15.0.27428.2015
MinimumVisualStudioVersion = 10.0.40219.1
Project("{FAE04EC0-301F-11D3-BF4B-00C04F79EFBC}") = "AutoOwl", "AutoOwl\AutoOwl.csproj", "{B1106BE2-4537-49A2-81E8-8E915A266B9C}"
EndProject
Global
	GlobalSection(SolutionConfigurationPlatforms) = preSolution
		Release|Any CPU = Release|Any CPU
	EndGlobalSection
	GlobalSection(ProjectConfigurationPlatforms) = postSolution
		{B1106BE2-4537-49A2-81E8-8E915A266B9C}.Release|Any CPU.ActiveCfg = Release|Any CPU
		{B1106BE2-4537-49A2-81E8-8E915A266B9C}.Release|Any CPU.Build.0 = Release|Any CPU
	EndGlobalSection
	GlobalSection(SolutionProperties) = preSolution
		HideSolutionNode = FALSE
	EndGlobalSection
	GlobalSection(ExtensibilityGlobals) = postSolution
		SolutionGuid = {08E7FD44-620E-44C3-A310-718156D6BA99}
	EndGlobalSection
EndGlobal
